
Microsoft Visual Studio Solution File, Format Version 12.00
# Visual Studio 14
VisualStudioVersion = 14.0.24720.0
MinimumVisualStudioVersion = 10.0.40219.1
Project("{FAE04EC0-301F-11D3-BF4B-00C04F79EFBC}") = "FilmSearch", "FilmSearch\FilmSearch.csproj", "{F903FE55-2597-4039-B4AD-A2FEE3997320}"
EndProject
Global
	GlobalSection(SolutionConfigurationPlatforms) = preSolution
		Debug|Any CPU = Debug|Any CPU
		Debug35|Any CPU = Debug35|Any CPU
		Debug40|Any CPU = Debug40|Any CPU
		Debug45|Any CPU = Debug45|Any CPU
		Debug451|Any CPU = Debug451|Any CPU
		Debug452|Any CPU = Debug452|Any CPU
		Debug46|Any CPU = Debug46|Any CPU
		Release|Any CPU = Release|Any CPU
		Release35|Any CPU = Release35|Any CPU
		Release40|Any CPU = Release40|Any CPU
		Release45|Any CPU = Release45|Any CPU
		Release451|Any CPU = Release451|Any CPU
		Release452|Any CPU = Release452|Any CPU
		Release46|Any CPU = Release46|Any CPU
	EndGlobalSection
	GlobalSection(ProjectConfigurationPlatforms) = postSolution
		{F903FE55-2597-4039-B4AD-A2FEE3997320}.Debug|Any CPU.ActiveCfg = Debug|Any CPU
		{F903FE55-2597-4039-B4AD-A2FEE3997320}.Debug|Any CPU.Build.0 = Debug|Any CPU
		{F903FE55-2597-4039-B4AD-A2FEE3997320}.Debug35|Any CPU.ActiveCfg = Debug35|Any CPU
		{F903FE55-2597-4039-B4AD-A2FEE3997320}.Debug35|Any CPU.Build.0 = Debug35|Any CPU
		{F903FE55-2597-4039-B4AD-A2FEE3997320}.Debug40|Any CPU.ActiveCfg = Debug40|Any CPU
		{F903FE55-2597-4039-B4AD-A2FEE3997320}.Debug40|Any CPU.Build.0 = Debug40|Any CPU
		{F903FE55-2597-4039-B4AD-A2FEE3997320}.Debug45|Any CPU.ActiveCfg = Debug45|Any CPU
		{F903FE55-2597-4039-B4AD-A2FEE3997320}.Debug45|Any CPU.Build.0 = Debug45|Any CPU
		{F903FE55-2597-4039-B4AD-A2FEE3997320}.Debug451|Any CPU.ActiveCfg = Debug451|Any CPU
		{F903FE55-2597-4039-B4AD-A2FEE3997320}.Debug451|Any CPU.Build.0 = Debug451|Any CPU
		{F903FE55-2597-4039-B4AD-A2FEE3997320}.Debug452|Any CPU.ActiveCfg = Debug452|Any CPU
		{F903FE55-2597-4039-B4AD-A2FEE3997320}.Debug452|Any CPU.Build.0 = Debug452|Any CPU
		{F903FE55-2597-4039-B4AD-A2FEE3997320}.Debug46|Any CPU.ActiveCfg = Debug46|Any CPU
		{F903FE55-2597-4039-B4AD-A2FEE3997320}.Debug46|Any CPU.Build.0 = Debug46|Any CPU
		{F903FE55-2597-4039-B4AD-A2FEE3997320}.Release|Any CPU.ActiveCfg = Release|Any CPU
		{F903FE55-2597-4039-B4AD-A2FEE3997320}.Release|Any CPU.Build.0 = Release|Any CPU
		{F903FE55-2597-4039-B4AD-A2FEE3997320}.Release35|Any CPU.ActiveCfg = Release35|Any CPU
		{F903FE55-2597-4039-B4AD-A2FEE3997320}.Release35|Any CPU.Build.0 = Release35|Any CPU
		{F903FE55-2597-4039-B4AD-A2FEE3997320}.Release40|Any CPU.ActiveCfg = Release40|Any CPU
		{F903FE55-2597-4039-B4AD-A2FEE3997320}.Release40|Any CPU.Build.0 = Release40|Any CPU
		{F903FE55-2597-4039-B4AD-A2FEE3997320}.Release45|Any CPU.ActiveCfg = Release45|Any CPU
		{F903FE55-2597-4039-B4AD-A2FEE3997320}.Release45|Any CPU.Build.0 = Release45|Any CPU
		{F903FE55-2597-4039-B4AD-A2FEE3997320}.Release451|Any CPU.ActiveCfg = Release451|Any CPU
		{F903FE55-2597-4039-B4AD-A2FEE3997320}.Release451|Any CPU.Build.0 = Release451|Any CPU
		{F903FE55-2597-4039-B4AD-A2FEE3997320}.Release452|Any CPU.ActiveCfg = Release452|Any CPU
		{F903FE55-2597-4039-B4AD-A2FEE3997320}.Release452|Any CPU.Build.0 = Release452|Any CPU
		{F903FE55-2597-4039-B4AD-A2FEE3997320}.Release46|Any CPU.ActiveCfg = Release46|Any CPU
		{F903FE55-2597-4039-B4AD-A2FEE3997320}.Release46|Any CPU.Build.0 = Release46|Any CPU
	EndGlobalSection
	GlobalSection(SolutionProperties) = preSolution
		HideSolutionNode = FALSE
	EndGlobalSection
EndGlobal
